// !$*UTF8*$!
{
	archiveVersion = 1;
	classes = {
	};
	objectVersion = 46;
	objects = {

/* Begin PBXBuildFile section */
		02C3802C85D6775466157880 /* Pods_rx_exampleTests.framework in Frameworks */ = {isa = PBXBuildFile; fileRef = 8465BA15C6FF44FE025A2BA3 /* Pods_rx_exampleTests.framework */; };
		BA31BD891E9C7EA1008DB6FD /* ListPresenter.swift in Sources */ = {isa = PBXBuildFile; fileRef = BA31BD881E9C7EA1008DB6FD /* ListPresenter.swift */; };
		BA31BD8B1E9C7EAF008DB6FD /* ListViewModel.swift in Sources */ = {isa = PBXBuildFile; fileRef = BA31BD8A1E9C7EAF008DB6FD /* ListViewModel.swift */; };
		BA31BD8D1E9C7EBE008DB6FD /* ListViewController.swift in Sources */ = {isa = PBXBuildFile; fileRef = BA31BD8C1E9C7EBE008DB6FD /* ListViewController.swift */; };
		BA31BD8F1E9C7ED9008DB6FD /* ListViewController.storyboard in Resources */ = {isa = PBXBuildFile; fileRef = BA31BD8E1E9C7ED9008DB6FD /* ListViewController.storyboard */; };
		BA6E01BF1E9A0AF000619EF5 /* AppDelegate.swift in Sources */ = {isa = PBXBuildFile; fileRef = BA6E01BE1E9A0AF000619EF5 /* AppDelegate.swift */; };
		BA6E01C61E9A0AF000619EF5 /* Assets.xcassets in Resources */ = {isa = PBXBuildFile; fileRef = BA6E01C51E9A0AF000619EF5 /* Assets.xcassets */; };
		BA6E01C91E9A0AF000619EF5 /* LaunchScreen.storyboard in Resources */ = {isa = PBXBuildFile; fileRef = BA6E01C71E9A0AF000619EF5 /* LaunchScreen.storyboard */; };
		BA6E01DF1E9A0B3A00619EF5 /* App.swift in Sources */ = {isa = PBXBuildFile; fileRef = BA6E01DE1E9A0B3A00619EF5 /* App.swift */; };
		BA6E01E11E9A0B5B00619EF5 /* PresenterProtocol.swift in Sources */ = {isa = PBXBuildFile; fileRef = BA6E01E01E9A0B5B00619EF5 /* PresenterProtocol.swift */; };
		BA6E01E31E9A0B7300619EF5 /* BaseViewModel.swift in Sources */ = {isa = PBXBuildFile; fileRef = BA6E01E21E9A0B7300619EF5 /* BaseViewModel.swift */; };
		BA6E01E71E9B3AE600619EF5 /* ViewControllerFactory.swift in Sources */ = {isa = PBXBuildFile; fileRef = BA6E01E61E9B3AE600619EF5 /* ViewControllerFactory.swift */; };
		BA7CA12E1EADBE9300B5412C /* SiginViewModelSpec.swift in Sources */ = {isa = PBXBuildFile; fileRef = BA7CA12D1EADBE9300B5412C /* SiginViewModelSpec.swift */; };
		BA7CA1301EADBF2C00B5412C /* DetailViewModelSpec.swift in Sources */ = {isa = PBXBuildFile; fileRef = BA7CA12F1EADBF2C00B5412C /* DetailViewModelSpec.swift */; };
		BA7CA1321EADCCEE00B5412C /* ListViewModelTests.swift in Sources */ = {isa = PBXBuildFile; fileRef = BA7CA1311EADCCEE00B5412C /* ListViewModelTests.swift */; };
		BA9A02761EAF17410092972C /* DisposeBag+Extension.swift in Sources */ = {isa = PBXBuildFile; fileRef = BA9A02751EAF17410092972C /* DisposeBag+Extension.swift */; };
		BA9D28551EAC59F400B39118 /* DetailPresenter.swift in Sources */ = {isa = PBXBuildFile; fileRef = BA9D28541EAC59F400B39118 /* DetailPresenter.swift */; };
		BA9D28571EAC5A0900B39118 /* DetailViewModel.swift in Sources */ = {isa = PBXBuildFile; fileRef = BA9D28561EAC5A0900B39118 /* DetailViewModel.swift */; };
		BA9D28591EAC5A2C00B39118 /* DetailViewController.swift in Sources */ = {isa = PBXBuildFile; fileRef = BA9D28581EAC5A2C00B39118 /* DetailViewController.swift */; };
		BA9D285B1EAC5A4100B39118 /* DetailViewController.storyboard in Resources */ = {isa = PBXBuildFile; fileRef = BA9D285A1EAC5A4100B39118 /* DetailViewController.storyboard */; };
		BA9D285D1EAC7BDF00B39118 /* beers.json in Resources */ = {isa = PBXBuildFile; fileRef = BA9D285C1EAC7BDF00B39118 /* beers.json */; };
		BAF1EFDB1EA478A8002B6803 /* DataLayer.swift in Sources */ = {isa = PBXBuildFile; fileRef = BAF1EFDA1EA478A8002B6803 /* DataLayer.swift */; };
		BAF1EFDE1EA47C3C002B6803 /* User.swift in Sources */ = {isa = PBXBuildFile; fileRef = BAF1EFDD1EA47C3C002B6803 /* User.swift */; };
		BAF1EFE01EA47C7D002B6803 /* Beer.swift in Sources */ = {isa = PBXBuildFile; fileRef = BAF1EFDF1EA47C7D002B6803 /* Beer.swift */; };
		BAF1EFE31EA4846D002B6803 /* SigninPresenter.swift in Sources */ = {isa = PBXBuildFile; fileRef = BAF1EFE21EA4846D002B6803 /* SigninPresenter.swift */; };
		BAF1EFE51EA48480002B6803 /* SigninViewModel.swift in Sources */ = {isa = PBXBuildFile; fileRef = BAF1EFE41EA48480002B6803 /* SigninViewModel.swift */; };
		BAF1EFE71EA48496002B6803 /* SigninViewController.swift in Sources */ = {isa = PBXBuildFile; fileRef = BAF1EFE61EA48496002B6803 /* SigninViewController.swift */; };
		BAF1EFE91EA484A3002B6803 /* SigninViewController.storyboard in Resources */ = {isa = PBXBuildFile; fileRef = BAF1EFE81EA484A3002B6803 /* SigninViewController.storyboard */; };
		BAF1EFEC1EA4ADA8002B6803 /* UIButton+Extension.swift in Sources */ = {isa = PBXBuildFile; fileRef = BAF1EFEB1EA4ADA8002B6803 /* UIButton+Extension.swift */; };
		BAF1EFEE1EA4AF88002B6803 /* Bindings.swift in Sources */ = {isa = PBXBuildFile; fileRef = BAF1EFED1EA4AF88002B6803 /* Bindings.swift */; };
		BAF1EFF11EA4EBC5002B6803 /* UIColor+Extension.swift in Sources */ = {isa = PBXBuildFile; fileRef = BAF1EFF01EA4EBC5002B6803 /* UIColor+Extension.swift */; };
		FB5C653908DF2A2D850A48BB /* Pods_rx_example.framework in Frameworks */ = {isa = PBXBuildFile; fileRef = EAC2E268F882DA947ECADB46 /* Pods_rx_example.framework */; };
/* End PBXBuildFile section */

/* Begin PBXContainerItemProxy section */
		BA6E01D01E9A0AF000619EF5 /* PBXContainerItemProxy */ = {
			isa = PBXContainerItemProxy;
			containerPortal = BA6E01B31E9A0AF000619EF5 /* Project object */;
			proxyType = 1;
			remoteGlobalIDString = BA6E01BA1E9A0AF000619EF5;
			remoteInfo = "rx-example";
		};
/* End PBXContainerItemProxy section */

/* Begin PBXFileReference section */
		20A05C6C9A034AA9AFA1EBE6 /* Pods-rx-example.debug.xcconfig */ = {isa = PBXFileReference; includeInIndex = 1; lastKnownFileType = text.xcconfig; name = "Pods-rx-example.debug.xcconfig"; path = "Pods/Target Support Files/Pods-rx-example/Pods-rx-example.debug.xcconfig"; sourceTree = "<group>"; };
		2C9442214E147A3950289A3F /* Pods-rx-exampleTests.debug.xcconfig */ = {isa = PBXFileReference; includeInIndex = 1; lastKnownFileType = text.xcconfig; name = "Pods-rx-exampleTests.debug.xcconfig"; path = "Pods/Target Support Files/Pods-rx-exampleTests/Pods-rx-exampleTests.debug.xcconfig"; sourceTree = "<group>"; };
		4B9300EFDDF8B4483902A2B5 /* Pods-rx-example.release.xcconfig */ = {isa = PBXFileReference; includeInIndex = 1; lastKnownFileType = text.xcconfig; name = "Pods-rx-example.release.xcconfig"; path = "Pods/Target Support Files/Pods-rx-example/Pods-rx-example.release.xcconfig"; sourceTree = "<group>"; };
		8465BA15C6FF44FE025A2BA3 /* Pods_rx_exampleTests.framework */ = {isa = PBXFileReference; explicitFileType = wrapper.framework; includeInIndex = 0; path = Pods_rx_exampleTests.framework; sourceTree = BUILT_PRODUCTS_DIR; };
		B0E22CF92C39C829E9CDBAA9 /* Pods-rx-exampleTests.release.xcconfig */ = {isa = PBXFileReference; includeInIndex = 1; lastKnownFileType = text.xcconfig; name = "Pods-rx-exampleTests.release.xcconfig"; path = "Pods/Target Support Files/Pods-rx-exampleTests/Pods-rx-exampleTests.release.xcconfig"; sourceTree = "<group>"; };
		BA31BD881E9C7EA1008DB6FD /* ListPresenter.swift */ = {isa = PBXFileReference; fileEncoding = 4; lastKnownFileType = sourcecode.swift; path = ListPresenter.swift; sourceTree = "<group>"; };
		BA31BD8A1E9C7EAF008DB6FD /* ListViewModel.swift */ = {isa = PBXFileReference; fileEncoding = 4; lastKnownFileType = sourcecode.swift; path = ListViewModel.swift; sourceTree = "<group>"; };
		BA31BD8C1E9C7EBE008DB6FD /* ListViewController.swift */ = {isa = PBXFileReference; fileEncoding = 4; lastKnownFileType = sourcecode.swift; path = ListViewController.swift; sourceTree = "<group>"; };
		BA31BD8E1E9C7ED9008DB6FD /* ListViewController.storyboard */ = {isa = PBXFileReference; fileEncoding = 4; lastKnownFileType = file.storyboard; path = ListViewController.storyboard; sourceTree = "<group>"; };
		BA6E01BB1E9A0AF000619EF5 /* rx-example.app */ = {isa = PBXFileReference; explicitFileType = wrapper.application; includeInIndex = 0; path = "rx-example.app"; sourceTree = BUILT_PRODUCTS_DIR; };
		BA6E01BE1E9A0AF000619EF5 /* AppDelegate.swift */ = {isa = PBXFileReference; lastKnownFileType = sourcecode.swift; path = AppDelegate.swift; sourceTree = "<group>"; };
		BA6E01C51E9A0AF000619EF5 /* Assets.xcassets */ = {isa = PBXFileReference; lastKnownFileType = folder.assetcatalog; path = Assets.xcassets; sourceTree = "<group>"; };
		BA6E01C81E9A0AF000619EF5 /* Base */ = {isa = PBXFileReference; lastKnownFileType = file.storyboard; name = Base; path = Base.lproj/LaunchScreen.storyboard; sourceTree = "<group>"; };
		BA6E01CA1E9A0AF000619EF5 /* Info.plist */ = {isa = PBXFileReference; lastKnownFileType = text.plist.xml; path = Info.plist; sourceTree = "<group>"; };
		BA6E01CF1E9A0AF000619EF5 /* rx-exampleTests.xctest */ = {isa = PBXFileReference; explicitFileType = wrapper.cfbundle; includeInIndex = 0; path = "rx-exampleTests.xctest"; sourceTree = BUILT_PRODUCTS_DIR; };
		BA6E01D51E9A0AF000619EF5 /* Info.plist */ = {isa = PBXFileReference; lastKnownFileType = text.plist.xml; path = Info.plist; sourceTree = "<group>"; };
		BA6E01DE1E9A0B3A00619EF5 /* App.swift */ = {isa = PBXFileReference; fileEncoding = 4; lastKnownFileType = sourcecode.swift; path = App.swift; sourceTree = "<group>"; };
		BA6E01E01E9A0B5B00619EF5 /* PresenterProtocol.swift */ = {isa = PBXFileReference; fileEncoding = 4; lastKnownFileType = sourcecode.swift; path = PresenterProtocol.swift; sourceTree = "<group>"; };
		BA6E01E21E9A0B7300619EF5 /* BaseViewModel.swift */ = {isa = PBXFileReference; fileEncoding = 4; lastKnownFileType = sourcecode.swift; path = BaseViewModel.swift; sourceTree = "<group>"; };
		BA6E01E61E9B3AE600619EF5 /* ViewControllerFactory.swift */ = {isa = PBXFileReference; fileEncoding = 4; lastKnownFileType = sourcecode.swift; path = ViewControllerFactory.swift; sourceTree = "<group>"; };
		BA7CA12D1EADBE9300B5412C /* SiginViewModelSpec.swift */ = {isa = PBXFileReference; fileEncoding = 4; lastKnownFileType = sourcecode.swift; path = SiginViewModelSpec.swift; sourceTree = "<group>"; };
		BA7CA12F1EADBF2C00B5412C /* DetailViewModelSpec.swift */ = {isa = PBXFileReference; fileEncoding = 4; lastKnownFileType = sourcecode.swift; path = DetailViewModelSpec.swift; sourceTree = "<group>"; };
		BA7CA1311EADCCEE00B5412C /* ListViewModelTests.swift */ = {isa = PBXFileReference; fileEncoding = 4; lastKnownFileType = sourcecode.swift; path = ListViewModelTests.swift; sourceTree = "<group>"; };
		BA9A02751EAF17410092972C /* DisposeBag+Extension.swift */ = {isa = PBXFileReference; fileEncoding = 4; lastKnownFileType = sourcecode.swift; path = "DisposeBag+Extension.swift"; sourceTree = "<group>"; };
		BA9D28541EAC59F400B39118 /* DetailPresenter.swift */ = {isa = PBXFileReference; fileEncoding = 4; lastKnownFileType = sourcecode.swift; path = DetailPresenter.swift; sourceTree = "<group>"; };
		BA9D28561EAC5A0900B39118 /* DetailViewModel.swift */ = {isa = PBXFileReference; fileEncoding = 4; lastKnownFileType = sourcecode.swift; path = DetailViewModel.swift; sourceTree = "<group>"; };
		BA9D28581EAC5A2C00B39118 /* DetailViewController.swift */ = {isa = PBXFileReference; fileEncoding = 4; lastKnownFileType = sourcecode.swift; path = DetailViewController.swift; sourceTree = "<group>"; };
		BA9D285A1EAC5A4100B39118 /* DetailViewController.storyboard */ = {isa = PBXFileReference; fileEncoding = 4; lastKnownFileType = file.storyboard; path = DetailViewController.storyboard; sourceTree = "<group>"; };
		BA9D285C1EAC7BDF00B39118 /* beers.json */ = {isa = PBXFileReference; fileEncoding = 4; lastKnownFileType = text.json; path = beers.json; sourceTree = "<group>"; };
		BAF1EFDA1EA478A8002B6803 /* DataLayer.swift */ = {isa = PBXFileReference; fileEncoding = 4; lastKnownFileType = sourcecode.swift; path = DataLayer.swift; sourceTree = "<group>"; };
		BAF1EFDD1EA47C3C002B6803 /* User.swift */ = {isa = PBXFileReference; fileEncoding = 4; lastKnownFileType = sourcecode.swift; path = User.swift; sourceTree = "<group>"; };
		BAF1EFDF1EA47C7D002B6803 /* Beer.swift */ = {isa = PBXFileReference; fileEncoding = 4; lastKnownFileType = sourcecode.swift; path = Beer.swift; sourceTree = "<group>"; };
		BAF1EFE21EA4846D002B6803 /* SigninPresenter.swift */ = {isa = PBXFileReference; fileEncoding = 4; lastKnownFileType = sourcecode.swift; path = SigninPresenter.swift; sourceTree = "<group>"; };
		BAF1EFE41EA48480002B6803 /* SigninViewModel.swift */ = {isa = PBXFileReference; fileEncoding = 4; lastKnownFileType = sourcecode.swift; path = SigninViewModel.swift; sourceTree = "<group>"; };
		BAF1EFE61EA48496002B6803 /* SigninViewController.swift */ = {isa = PBXFileReference; fileEncoding = 4; lastKnownFileType = sourcecode.swift; path = SigninViewController.swift; sourceTree = "<group>"; };
		BAF1EFE81EA484A3002B6803 /* SigninViewController.storyboard */ = {isa = PBXFileReference; fileEncoding = 4; lastKnownFileType = file.storyboard; path = SigninViewController.storyboard; sourceTree = "<group>"; };
		BAF1EFEB1EA4ADA8002B6803 /* UIButton+Extension.swift */ = {isa = PBXFileReference; fileEncoding = 4; lastKnownFileType = sourcecode.swift; path = "UIButton+Extension.swift"; sourceTree = "<group>"; };
		BAF1EFED1EA4AF88002B6803 /* Bindings.swift */ = {isa = PBXFileReference; fileEncoding = 4; lastKnownFileType = sourcecode.swift; path = Bindings.swift; sourceTree = "<group>"; };
		BAF1EFF01EA4EBC5002B6803 /* UIColor+Extension.swift */ = {isa = PBXFileReference; fileEncoding = 4; lastKnownFileType = sourcecode.swift; path = "UIColor+Extension.swift"; sourceTree = "<group>"; };
		EAC2E268F882DA947ECADB46 /* Pods_rx_example.framework */ = {isa = PBXFileReference; explicitFileType = wrapper.framework; includeInIndex = 0; path = Pods_rx_example.framework; sourceTree = BUILT_PRODUCTS_DIR; };
/* End PBXFileReference section */

/* Begin PBXFrameworksBuildPhase section */
		BA6E01B81E9A0AF000619EF5 /* Frameworks */ = {
			isa = PBXFrameworksBuildPhase;
			buildActionMask = 2147483647;
			files = (
				FB5C653908DF2A2D850A48BB /* Pods_rx_example.framework in Frameworks */,
			);
			runOnlyForDeploymentPostprocessing = 0;
		};
		BA6E01CC1E9A0AF000619EF5 /* Frameworks */ = {
			isa = PBXFrameworksBuildPhase;
			buildActionMask = 2147483647;
			files = (
				02C3802C85D6775466157880 /* Pods_rx_exampleTests.framework in Frameworks */,
			);
			runOnlyForDeploymentPostprocessing = 0;
		};
/* End PBXFrameworksBuildPhase section */

/* Begin PBXGroup section */
		14D129519D9A3CAAC989C577 /* Pods */ = {
			isa = PBXGroup;
			children = (
				20A05C6C9A034AA9AFA1EBE6 /* Pods-rx-example.debug.xcconfig */,
				4B9300EFDDF8B4483902A2B5 /* Pods-rx-example.release.xcconfig */,
				2C9442214E147A3950289A3F /* Pods-rx-exampleTests.debug.xcconfig */,
				B0E22CF92C39C829E9CDBAA9 /* Pods-rx-exampleTests.release.xcconfig */,
			);
			name = Pods;
			sourceTree = "<group>";
		};
		973D59A234219D52635C50C0 /* Frameworks */ = {
			isa = PBXGroup;
			children = (
				EAC2E268F882DA947ECADB46 /* Pods_rx_example.framework */,
				8465BA15C6FF44FE025A2BA3 /* Pods_rx_exampleTests.framework */,
			);
			name = Frameworks;
			sourceTree = "<group>";
		};
		BA31BD871E9C7E88008DB6FD /* List */ = {
			isa = PBXGroup;
			children = (
				BA31BD881E9C7EA1008DB6FD /* ListPresenter.swift */,
				BA31BD8A1E9C7EAF008DB6FD /* ListViewModel.swift */,
				BA31BD8C1E9C7EBE008DB6FD /* ListViewController.swift */,
				BA31BD8E1E9C7ED9008DB6FD /* ListViewController.storyboard */,
			);
			name = List;
			sourceTree = "<group>";
		};
		BA6E01B21E9A0AF000619EF5 = {
			isa = PBXGroup;
			children = (
				BA6E01BD1E9A0AF000619EF5 /* rx-example */,
				BA6E01D21E9A0AF000619EF5 /* rx-exampleTests */,
				BA6E01BC1E9A0AF000619EF5 /* Products */,
				14D129519D9A3CAAC989C577 /* Pods */,
				973D59A234219D52635C50C0 /* Frameworks */,
			);
			sourceTree = "<group>";
		};
		BA6E01BC1E9A0AF000619EF5 /* Products */ = {
			isa = PBXGroup;
			children = (
				BA6E01BB1E9A0AF000619EF5 /* rx-example.app */,
				BA6E01CF1E9A0AF000619EF5 /* rx-exampleTests.xctest */,
			);
			name = Products;
			sourceTree = "<group>";
		};
		BA6E01BD1E9A0AF000619EF5 /* rx-example */ = {
			isa = PBXGroup;
			children = (
				BA6E01EA1E9B3E6F00619EF5 /* Framework */,
				BA6E01EB1E9B3E9D00619EF5 /* App */,
				BA6E01DE1E9A0B3A00619EF5 /* App.swift */,
				BA6E01BE1E9A0AF000619EF5 /* AppDelegate.swift */,
				BA6E01C51E9A0AF000619EF5 /* Assets.xcassets */,
				BA6E01C71E9A0AF000619EF5 /* LaunchScreen.storyboard */,
				BA6E01CA1E9A0AF000619EF5 /* Info.plist */,
			);
			path = "rx-example";
			sourceTree = "<group>";
		};
		BA6E01D21E9A0AF000619EF5 /* rx-exampleTests */ = {
			isa = PBXGroup;
			children = (
				BA6E01D51E9A0AF000619EF5 /* Info.plist */,
				BA7CA12D1EADBE9300B5412C /* SiginViewModelSpec.swift */,
				BA7CA12F1EADBF2C00B5412C /* DetailViewModelSpec.swift */,
				BA7CA1311EADCCEE00B5412C /* ListViewModelTests.swift */,
			);
			path = "rx-exampleTests";
			sourceTree = "<group>";
		};
		BA6E01EA1E9B3E6F00619EF5 /* Framework */ = {
			isa = PBXGroup;
			children = (
				BA9A02741EAF17180092972C /* Rx_Extension */,
				BAF1EFEA1EA4AD70002B6803 /* UIKit_Extension */,
				BA6E01E01E9A0B5B00619EF5 /* PresenterProtocol.swift */,
				BA6E01E21E9A0B7300619EF5 /* BaseViewModel.swift */,
				BA6E01E61E9B3AE600619EF5 /* ViewControllerFactory.swift */,
			);
			name = Framework;
			sourceTree = "<group>";
		};
		BA6E01EB1E9B3E9D00619EF5 /* App */ = {
			isa = PBXGroup;
			children = (
				BAF1EFF21EA4F12B002B6803 /* UIKit+Extension */,
				BAF1EFDC1EA47C2C002B6803 /* Models */,
				BAF1EFD91EA4787E002B6803 /* DataLayer */,
				BAF1EFE11EA4844C002B6803 /* Signin */,
				BA31BD871E9C7E88008DB6FD /* List */,
				BAF1EFEF1EA4E37F002B6803 /* Detail */,
			);
			name = App;
			sourceTree = "<group>";
		};
		BA9A02741EAF17180092972C /* Rx_Extension */ = {
			isa = PBXGroup;
			children = (
				BA9A02751EAF17410092972C /* DisposeBag+Extension.swift */,
			);
			name = Rx_Extension;
			sourceTree = "<group>";
		};
		BAF1EFD91EA4787E002B6803 /* DataLayer */ = {
			isa = PBXGroup;
			children = (
				BAF1EFDA1EA478A8002B6803 /* DataLayer.swift */,
				BA9D285C1EAC7BDF00B39118 /* beers.json */,
			);
			name = DataLayer;
			sourceTree = "<group>";
		};
		BAF1EFDC1EA47C2C002B6803 /* Models */ = {
			isa = PBXGroup;
			children = (
				BAF1EFDD1EA47C3C002B6803 /* User.swift */,
				BAF1EFDF1EA47C7D002B6803 /* Beer.swift */,
			);
			name = Models;
			sourceTree = "<group>";
		};
		BAF1EFE11EA4844C002B6803 /* Signin */ = {
			isa = PBXGroup;
			children = (
				BAF1EFE21EA4846D002B6803 /* SigninPresenter.swift */,
				BAF1EFE41EA48480002B6803 /* SigninViewModel.swift */,
				BAF1EFE61EA48496002B6803 /* SigninViewController.swift */,
				BAF1EFE81EA484A3002B6803 /* SigninViewController.storyboard */,
			);
			name = Signin;
			sourceTree = "<group>";
		};
		BAF1EFEA1EA4AD70002B6803 /* UIKit_Extension */ = {
			isa = PBXGroup;
			children = (
				BAF1EFED1EA4AF88002B6803 /* Bindings.swift */,
				BAF1EFEB1EA4ADA8002B6803 /* UIButton+Extension.swift */,
			);
			name = UIKit_Extension;
			sourceTree = "<group>";
		};
		BAF1EFEF1EA4E37F002B6803 /* Detail */ = {
			isa = PBXGroup;
			children = (
				BA9D28541EAC59F400B39118 /* DetailPresenter.swift */,
				BA9D28561EAC5A0900B39118 /* DetailViewModel.swift */,
				BA9D28581EAC5A2C00B39118 /* DetailViewController.swift */,
				BA9D285A1EAC5A4100B39118 /* DetailViewController.storyboard */,
			);
			name = Detail;
			sourceTree = "<group>";
		};
		BAF1EFF21EA4F12B002B6803 /* UIKit+Extension */ = {
			isa = PBXGroup;
			children = (
				BAF1EFF01EA4EBC5002B6803 /* UIColor+Extension.swift */,
			);
			name = "UIKit+Extension";
			sourceTree = "<group>";
		};
/* End PBXGroup section */

/* Begin PBXNativeTarget section */
		BA6E01BA1E9A0AF000619EF5 /* rx-example */ = {
			isa = PBXNativeTarget;
			buildConfigurationList = BA6E01D81E9A0AF000619EF5 /* Build configuration list for PBXNativeTarget "rx-example" */;
			buildPhases = (
				4113588FD8DD2FDDF64249F5 /* [CP] Check Pods Manifest.lock */,
				BA6E01B71E9A0AF000619EF5 /* Sources */,
				BA6E01B81E9A0AF000619EF5 /* Frameworks */,
				BA6E01B91E9A0AF000619EF5 /* Resources */,
				644FB2FD81032C90C60D7D03 /* [CP] Embed Pods Frameworks */,
				130248DBEDDD66CBB9C46A85 /* [CP] Copy Pods Resources */,
			);
			buildRules = (
			);
			dependencies = (
			);
			name = "rx-example";
			productName = "rx-example";
			productReference = BA6E01BB1E9A0AF000619EF5 /* rx-example.app */;
			productType = "com.apple.product-type.application";
		};
		BA6E01CE1E9A0AF000619EF5 /* rx-exampleTests */ = {
			isa = PBXNativeTarget;
			buildConfigurationList = BA6E01DB1E9A0AF000619EF5 /* Build configuration list for PBXNativeTarget "rx-exampleTests" */;
			buildPhases = (
				4D82AFD36F40C5494F1347EF /* [CP] Check Pods Manifest.lock */,
				BA6E01CB1E9A0AF000619EF5 /* Sources */,
				BA6E01CC1E9A0AF000619EF5 /* Frameworks */,
				BA6E01CD1E9A0AF000619EF5 /* Resources */,
				2A4BB7AA0BABD71ACA06339A /* [CP] Embed Pods Frameworks */,
				6F68EF4D160DF9D3C81896C8 /* [CP] Copy Pods Resources */,
			);
			buildRules = (
			);
			dependencies = (
				BA6E01D11E9A0AF000619EF5 /* PBXTargetDependency */,
			);
			name = "rx-exampleTests";
			productName = "rx-exampleTests";
			productReference = BA6E01CF1E9A0AF000619EF5 /* rx-exampleTests.xctest */;
			productType = "com.apple.product-type.bundle.unit-test";
		};
/* End PBXNativeTarget section */

/* Begin PBXProject section */
		BA6E01B31E9A0AF000619EF5 /* Project object */ = {
			isa = PBXProject;
			attributes = {
				LastSwiftUpdateCheck = 0820;
				LastUpgradeCheck = 0820;
				ORGANIZATIONNAME = "Rob Ciolli";
				TargetAttributes = {
					BA6E01BA1E9A0AF000619EF5 = {
						CreatedOnToolsVersion = 8.2.1;
						DevelopmentTeam = 5FQ33QXJZ3;
						ProvisioningStyle = Automatic;
					};
					BA6E01CE1E9A0AF000619EF5 = {
						CreatedOnToolsVersion = 8.2.1;
						DevelopmentTeam = 5FQ33QXJZ3;
						LastSwiftMigration = 0820;
						ProvisioningStyle = Automatic;
						TestTargetID = BA6E01BA1E9A0AF000619EF5;
					};
				};
			};
			buildConfigurationList = BA6E01B61E9A0AF000619EF5 /* Build configuration list for PBXProject "rx-example" */;
			compatibilityVersion = "Xcode 3.2";
			developmentRegion = English;
			hasScannedForEncodings = 0;
			knownRegions = (
				en,
				Base,
			);
			mainGroup = BA6E01B21E9A0AF000619EF5;
			productRefGroup = BA6E01BC1E9A0AF000619EF5 /* Products */;
			projectDirPath = "";
			projectRoot = "";
			targets = (
				BA6E01BA1E9A0AF000619EF5 /* rx-example */,
				BA6E01CE1E9A0AF000619EF5 /* rx-exampleTests */,
			);
		};
/* End PBXProject section */

/* Begin PBXResourcesBuildPhase section */
		BA6E01B91E9A0AF000619EF5 /* Resources */ = {
			isa = PBXResourcesBuildPhase;
			buildActionMask = 2147483647;
			files = (
				BA6E01C91E9A0AF000619EF5 /* LaunchScreen.storyboard in Resources */,
				BA6E01C61E9A0AF000619EF5 /* Assets.xcassets in Resources */,
				BA9D285B1EAC5A4100B39118 /* DetailViewController.storyboard in Resources */,
				BA31BD8F1E9C7ED9008DB6FD /* ListViewController.storyboard in Resources */,
				BAF1EFE91EA484A3002B6803 /* SigninViewController.storyboard in Resources */,
				BA9D285D1EAC7BDF00B39118 /* beers.json in Resources */,
			);
			runOnlyForDeploymentPostprocessing = 0;
		};
		BA6E01CD1E9A0AF000619EF5 /* Resources */ = {
			isa = PBXResourcesBuildPhase;
			buildActionMask = 2147483647;
			files = (
			);
			runOnlyForDeploymentPostprocessing = 0;
		};
/* End PBXResourcesBuildPhase section */

/* Begin PBXShellScriptBuildPhase section */
		130248DBEDDD66CBB9C46A85 /* [CP] Copy Pods Resources */ = {
			isa = PBXShellScriptBuildPhase;
			buildActionMask = 2147483647;
			files = (
			);
			inputPaths = (
			);
			name = "[CP] Copy Pods Resources";
			outputPaths = (
			);
			runOnlyForDeploymentPostprocessing = 0;
			shellPath = /bin/sh;
			shellScript = "\"${SRCROOT}/Pods/Target Support Files/Pods-rx-example/Pods-rx-example-resources.sh\"\n";
			showEnvVarsInLog = 0;
		};
		2A4BB7AA0BABD71ACA06339A /* [CP] Embed Pods Frameworks */ = {
			isa = PBXShellScriptBuildPhase;
			buildActionMask = 2147483647;
			files = (
			);
			inputPaths = (
			);
			name = "[CP] Embed Pods Frameworks";
			outputPaths = (
			);
			runOnlyForDeploymentPostprocessing = 0;
			shellPath = /bin/sh;
			shellScript = "\"${SRCROOT}/Pods/Target Support Files/Pods-rx-exampleTests/Pods-rx-exampleTests-frameworks.sh\"\n";
			showEnvVarsInLog = 0;
		};
		4113588FD8DD2FDDF64249F5 /* [CP] Check Pods Manifest.lock */ = {
			isa = PBXShellScriptBuildPhase;
			buildActionMask = 2147483647;
			files = (
			);
			inputPaths = (
			);
			name = "[CP] Check Pods Manifest.lock";
			outputPaths = (
			);
			runOnlyForDeploymentPostprocessing = 0;
			shellPath = /bin/sh;
			shellScript = "diff \"${PODS_ROOT}/../Podfile.lock\" \"${PODS_ROOT}/Manifest.lock\" > /dev/null\nif [ $? != 0 ] ; then\n    # print error to STDERR\n    echo \"error: The sandbox is not in sync with the Podfile.lock. Run 'pod install' or update your CocoaPods installation.\" >&2\n    exit 1\nfi\n";
			showEnvVarsInLog = 0;
		};
		4D82AFD36F40C5494F1347EF /* [CP] Check Pods Manifest.lock */ = {
			isa = PBXShellScriptBuildPhase;
			buildActionMask = 2147483647;
			files = (
			);
			inputPaths = (
			);
			name = "[CP] Check Pods Manifest.lock";
			outputPaths = (
			);
			runOnlyForDeploymentPostprocessing = 0;
			shellPath = /bin/sh;
			shellScript = "diff \"${PODS_ROOT}/../Podfile.lock\" \"${PODS_ROOT}/Manifest.lock\" > /dev/null\nif [ $? != 0 ] ; then\n    # print error to STDERR\n    echo \"error: The sandbox is not in sync with the Podfile.lock. Run 'pod install' or update your CocoaPods installation.\" >&2\n    exit 1\nfi\n";
			showEnvVarsInLog = 0;
		};
		644FB2FD81032C90C60D7D03 /* [CP] Embed Pods Frameworks */ = {
			isa = PBXShellScriptBuildPhase;
			buildActionMask = 2147483647;
			files = (
			);
			inputPaths = (
			);
			name = "[CP] Embed Pods Frameworks";
			outputPaths = (
			);
			runOnlyForDeploymentPostprocessing = 0;
			shellPath = /bin/sh;
			shellScript = "\"${SRCROOT}/Pods/Target Support Files/Pods-rx-example/Pods-rx-example-frameworks.sh\"\n";
			showEnvVarsInLog = 0;
		};
		6F68EF4D160DF9D3C81896C8 /* [CP] Copy Pods Resources */ = {
			isa = PBXShellScriptBuildPhase;
			buildActionMask = 2147483647;
			files = (
			);
			inputPaths = (
			);
			name = "[CP] Copy Pods Resources";
			outputPaths = (
			);
			runOnlyForDeploymentPostprocessing = 0;
			shellPath = /bin/sh;
			shellScript = "\"${SRCROOT}/Pods/Target Support Files/Pods-rx-exampleTests/Pods-rx-exampleTests-resources.sh\"\n";
			showEnvVarsInLog = 0;
		};
/* End PBXShellScriptBuildPhase section */

/* Begin PBXSourcesBuildPhase section */
		BA6E01B71E9A0AF000619EF5 /* Sources */ = {
			isa = PBXSourcesBuildPhase;
			buildActionMask = 2147483647;
			files = (
				BAF1EFDE1EA47C3C002B6803 /* User.swift in Sources */,
				BA31BD8B1E9C7EAF008DB6FD /* ListViewModel.swift in Sources */,
				BAF1EFDB1EA478A8002B6803 /* DataLayer.swift in Sources */,
				BA6E01E11E9A0B5B00619EF5 /* PresenterProtocol.swift in Sources */,
				BAF1EFE51EA48480002B6803 /* SigninViewModel.swift in Sources */,
				BAF1EFEC1EA4ADA8002B6803 /* UIButton+Extension.swift in Sources */,
				BA31BD891E9C7EA1008DB6FD /* ListPresenter.swift in Sources */,
				BA9D28591EAC5A2C00B39118 /* DetailViewController.swift in Sources */,
				BA9D28571EAC5A0900B39118 /* DetailViewModel.swift in Sources */,
				BAF1EFE01EA47C7D002B6803 /* Beer.swift in Sources */,
				BA6E01E71E9B3AE600619EF5 /* ViewControllerFactory.swift in Sources */,
				BAF1EFEE1EA4AF88002B6803 /* Bindings.swift in Sources */,
				BAF1EFE31EA4846D002B6803 /* SigninPresenter.swift in Sources */,
				BA9D28551EAC59F400B39118 /* DetailPresenter.swift in Sources */,
				BAF1EFF11EA4EBC5002B6803 /* UIColor+Extension.swift in Sources */,
				BA31BD8D1E9C7EBE008DB6FD /* ListViewController.swift in Sources */,
				BA6E01E31E9A0B7300619EF5 /* BaseViewModel.swift in Sources */,
				BA6E01DF1E9A0B3A00619EF5 /* App.swift in Sources */,
				BAF1EFE71EA48496002B6803 /* SigninViewController.swift in Sources */,
				BA9A02761EAF17410092972C /* DisposeBag+Extension.swift in Sources */,
				BA6E01BF1E9A0AF000619EF5 /* AppDelegate.swift in Sources */,
			);
			runOnlyForDeploymentPostprocessing = 0;
		};
		BA6E01CB1E9A0AF000619EF5 /* Sources */ = {
			isa = PBXSourcesBuildPhase;
			buildActionMask = 2147483647;
			files = (
				BA7CA1301EADBF2C00B5412C /* DetailViewModelSpec.swift in Sources */,
				BA7CA12E1EADBE9300B5412C /* SiginViewModelSpec.swift in Sources */,
				BA7CA1321EADCCEE00B5412C /* ListViewModelTests.swift in Sources */,
			);
			runOnlyForDeploymentPostprocessing = 0;
		};
/* End PBXSourcesBuildPhase section */

/* Begin PBXTargetDependency section */
		BA6E01D11E9A0AF000619EF5 /* PBXTargetDependency */ = {
			isa = PBXTargetDependency;
			target = BA6E01BA1E9A0AF000619EF5 /* rx-example */;
			targetProxy = BA6E01D01E9A0AF000619EF5 /* PBXContainerItemProxy */;
		};
/* End PBXTargetDependency section */

/* Begin PBXVariantGroup section */
		BA6E01C71E9A0AF000619EF5 /* LaunchScreen.storyboard */ = {
			isa = PBXVariantGroup;
			children = (
				BA6E01C81E9A0AF000619EF5 /* Base */,
			);
			name = LaunchScreen.storyboard;
			sourceTree = "<group>";
		};
/* End PBXVariantGroup section */

/* Begin XCBuildConfiguration section */
		BA6E01D61E9A0AF000619EF5 /* Debug */ = {
			isa = XCBuildConfiguration;
			buildSettings = {
				ALWAYS_SEARCH_USER_PATHS = NO;
				CLANG_ANALYZER_NONNULL = YES;
				CLANG_CXX_LANGUAGE_STANDARD = "gnu++0x";
				CLANG_CXX_LIBRARY = "libc++";
				CLANG_ENABLE_MODULES = YES;
				CLANG_ENABLE_OBJC_ARC = YES;
				CLANG_WARN_BOOL_CONVERSION = YES;
				CLANG_WARN_CONSTANT_CONVERSION = YES;
				CLANG_WARN_DIRECT_OBJC_ISA_USAGE = YES_ERROR;
				CLANG_WARN_DOCUMENTATION_COMMENTS = YES;
				CLANG_WARN_EMPTY_BODY = YES;
				CLANG_WARN_ENUM_CONVERSION = YES;
				CLANG_WARN_INFINITE_RECURSION = YES;
				CLANG_WARN_INT_CONVERSION = YES;
				CLANG_WARN_OBJC_ROOT_CLASS = YES_ERROR;
				CLANG_WARN_SUSPICIOUS_MOVE = YES;
				CLANG_WARN_UNREACHABLE_CODE = YES;
				CLANG_WARN__DUPLICATE_METHOD_MATCH = YES;
				"CODE_SIGN_IDENTITY[sdk=iphoneos*]" = "iPhone Developer";
				COPY_PHASE_STRIP = NO;
				DEBUG_INFORMATION_FORMAT = dwarf;
				ENABLE_STRICT_OBJC_MSGSEND = YES;
				ENABLE_TESTABILITY = YES;
				GCC_C_LANGUAGE_STANDARD = gnu99;
				GCC_DYNAMIC_NO_PIC = NO;
				GCC_NO_COMMON_BLOCKS = YES;
				GCC_OPTIMIZATION_LEVEL = 0;
				GCC_PREPROCESSOR_DEFINITIONS = (
					"DEBUG=1",
					"$(inherited)",
				);
				GCC_WARN_64_TO_32_BIT_CONVERSION = YES;
				GCC_WARN_ABOUT_RETURN_TYPE = YES_ERROR;
				GCC_WARN_UNDECLARED_SELECTOR = YES;
				GCC_WARN_UNINITIALIZED_AUTOS = YES_AGGRESSIVE;
				GCC_WARN_UNUSED_FUNCTION = YES;
				GCC_WARN_UNUSED_VARIABLE = YES;
				IPHONEOS_DEPLOYMENT_TARGET = 10.2;
				MTL_ENABLE_DEBUG_INFO = YES;
				ONLY_ACTIVE_ARCH = YES;
				SDKROOT = iphoneos;
				SWIFT_ACTIVE_COMPILATION_CONDITIONS = DEBUG;
				SWIFT_OPTIMIZATION_LEVEL = "-Onone";
				TARGETED_DEVICE_FAMILY = "1,2";
			};
			name = Debug;
		};
		BA6E01D71E9A0AF000619EF5 /* Release */ = {
			isa = XCBuildConfiguration;
			buildSettings = {
				ALWAYS_SEARCH_USER_PATHS = NO;
				CLANG_ANALYZER_NONNULL = YES;
				CLANG_CXX_LANGUAGE_STANDARD = "gnu++0x";
				CLANG_CXX_LIBRARY = "libc++";
				CLANG_ENABLE_MODULES = YES;
				CLANG_ENABLE_OBJC_ARC = YES;
				CLANG_WARN_BOOL_CONVERSION = YES;
				CLANG_WARN_CONSTANT_CONVERSION = YES;
				CLANG_WARN_DIRECT_OBJC_ISA_USAGE = YES_ERROR;
				CLANG_WARN_DOCUMENTATION_COMMENTS = YES;
				CLANG_WARN_EMPTY_BODY = YES;
				CLANG_WARN_ENUM_CONVERSION = YES;
				CLANG_WARN_INFINITE_RECURSION = YES;
				CLANG_WARN_INT_CONVERSION = YES;
				CLANG_WARN_OBJC_ROOT_CLASS = YES_ERROR;
				CLANG_WARN_SUSPICIOUS_MOVE = YES;
				CLANG_WARN_UNREACHABLE_CODE = YES;
				CLANG_WARN__DUPLICATE_METHOD_MATCH = YES;
				"CODE_SIGN_IDENTITY[sdk=iphoneos*]" = "iPhone Developer";
				COPY_PHASE_STRIP = NO;
				DEBUG_INFORMATION_FORMAT = "dwarf-with-dsym";
				ENABLE_NS_ASSERTIONS = NO;
				ENABLE_STRICT_OBJC_MSGSEND = YES;
				GCC_C_LANGUAGE_STANDARD = gnu99;
				GCC_NO_COMMON_BLOCKS = YES;
				GCC_WARN_64_TO_32_BIT_CONVERSION = YES;
				GCC_WARN_ABOUT_RETURN_TYPE = YES_ERROR;
				GCC_WARN_UNDECLARED_SELECTOR = YES;
				GCC_WARN_UNINITIALIZED_AUTOS = YES_AGGRESSIVE;
				GCC_WARN_UNUSED_FUNCTION = YES;
				GCC_WARN_UNUSED_VARIABLE = YES;
				IPHONEOS_DEPLOYMENT_TARGET = 10.2;
				MTL_ENABLE_DEBUG_INFO = NO;
				SDKROOT = iphoneos;
				SWIFT_OPTIMIZATION_LEVEL = "-Owholemodule";
				TARGETED_DEVICE_FAMILY = "1,2";
				VALIDATE_PRODUCT = YES;
			};
			name = Release;
		};
		BA6E01D91E9A0AF000619EF5 /* Debug */ = {
			isa = XCBuildConfiguration;
			baseConfigurationReference = 20A05C6C9A034AA9AFA1EBE6 /* Pods-rx-example.debug.xcconfig */;
			buildSettings = {
				ASSETCATALOG_COMPILER_APPICON_NAME = AppIcon;
				DEVELOPMENT_TEAM = 5FQ33QXJZ3;
				INFOPLIST_FILE = "rx-example/Info.plist";
				LD_RUNPATH_SEARCH_PATHS = "$(inherited) @executable_path/Frameworks";
				PRODUCT_BUNDLE_IDENTIFIER = "au.com.realestate.rx-example";
				PRODUCT_NAME = "$(TARGET_NAME)";
				SWIFT_VERSION = 3.0;
			};
			name = Debug;
		};
		BA6E01DA1E9A0AF000619EF5 /* Release */ = {
			isa = XCBuildConfiguration;
			baseConfigurationReference = 4B9300EFDDF8B4483902A2B5 /* Pods-rx-example.release.xcconfig */;
			buildSettings = {
				ASSETCATALOG_COMPILER_APPICON_NAME = AppIcon;
				DEVELOPMENT_TEAM = 5FQ33QXJZ3;
				INFOPLIST_FILE = "rx-example/Info.plist";
				LD_RUNPATH_SEARCH_PATHS = "$(inherited) @executable_path/Frameworks";
				PRODUCT_BUNDLE_IDENTIFIER = "au.com.realestate.rx-example";
				PRODUCT_NAME = "$(TARGET_NAME)";
				SWIFT_VERSION = 3.0;
			};
			name = Release;
		};
		BA6E01DC1E9A0AF000619EF5 /* Debug */ = {
			isa = XCBuildConfiguration;
			baseConfigurationReference = 2C9442214E147A3950289A3F /* Pods-rx-exampleTests.debug.xcconfig */;
			buildSettings = {
				ALWAYS_EMBED_SWIFT_STANDARD_LIBRARIES = "$(inherited)";
				BUNDLE_LOADER = "$(TEST_HOST)";
				CLANG_ENABLE_MODULES = YES;
				DEVELOPMENT_TEAM = 5FQ33QXJZ3;
				INFOPLIST_FILE = "rx-exampleTests/Info.plist";
				LD_RUNPATH_SEARCH_PATHS = "$(inherited) @executable_path/Frameworks @loader_path/Frameworks";
				PRODUCT_BUNDLE_IDENTIFIER = "au.com.realestate.rx-exampleTests";
				PRODUCT_NAME = "$(TARGET_NAME)";
				SWIFT_OPTIMIZATION_LEVEL = "-Onone";
				SWIFT_VERSION = 3.0;
				TEST_HOST = "$(BUILT_PRODUCTS_DIR)/rx-example.app/rx-example";
			};
			name = Debug;
		};
		BA6E01DD1E9A0AF000619EF5 /* Release */ = {
			isa = XCBuildConfiguration;
			baseConfigurationReference = B0E22CF92C39C829E9CDBAA9 /* Pods-rx-exampleTests.release.xcconfig */;
			buildSettings = {
				ALWAYS_EMBED_SWIFT_STANDARD_LIBRARIES = "$(inherited)";
				BUNDLE_LOADER = "$(TEST_HOST)";
				CLANG_ENABLE_MODULES = YES;
				DEVELOPMENT_TEAM = 5FQ33QXJZ3;
				INFOPLIST_FILE = "rx-exampleTests/Info.plist";
				LD_RUNPATH_SEARCH_PATHS = "$(inherited) @executable_path/Frameworks @loader_path/Frameworks";
				PRODUCT_BUNDLE_IDENTIFIER = "au.com.realestate.rx-exampleTests";
				PRODUCT_NAME = "$(TARGET_NAME)";
				SWIFT_VERSION = 3.0;
				TEST_HOST = "$(BUILT_PRODUCTS_DIR)/rx-example.app/rx-example";
			};
			name = Release;
		};
/* End XCBuildConfiguration section */

/* Begin XCConfigurationList section */
		BA6E01B61E9A0AF000619EF5 /* Build configuration list for PBXProject "rx-example" */ = {
			isa = XCConfigurationList;
			buildConfigurations = (
				BA6E01D61E9A0AF000619EF5 /* Debug */,
				BA6E01D71E9A0AF000619EF5 /* Release */,
			);
			defaultConfigurationIsVisible = 0;
			defaultConfigurationName = Release;
		};
		BA6E01D81E9A0AF000619EF5 /* Build configuration list for PBXNativeTarget "rx-example" */ = {
			isa = XCConfigurationList;
			buildConfigurations = (
				BA6E01D91E9A0AF000619EF5 /* Debug */,
				BA6E01DA1E9A0AF000619EF5 /* Release */,
			);
			defaultConfigurationIsVisible = 0;
			defaultConfigurationName = Release;
		};
		BA6E01DB1E9A0AF000619EF5 /* Build configuration list for PBXNativeTarget "rx-exampleTests" */ = {
			isa = XCConfigurationList;
			buildConfigurations = (
				BA6E01DC1E9A0AF000619EF5 /* Debug */,
				BA6E01DD1E9A0AF000619EF5 /* Release */,
			);
			defaultConfigurationIsVisible = 0;
			defaultConfigurationName = Release;
		};
/* End XCConfigurationList section */
	};
	rootObject = BA6E01B31E9A0AF000619EF5 /* Project object */;
}
